// !$*UTF8*$!
{
	archiveVersion = 1;
	classes = {
	};
	objectVersion = 50;
	objects = {

/* Begin PBXBuildFile section */
		DA5B70CF27DA5C490003399A /* AppDelegate.swift in Sources */ = {isa = PBXBuildFile; fileRef = DA5B70CE27DA5C490003399A /* AppDelegate.swift */; };
		DA5B70D127DA5C490003399A /* SceneDelegate.swift in Sources */ = {isa = PBXBuildFile; fileRef = DA5B70D027DA5C490003399A /* SceneDelegate.swift */; };
		DA5B70D327DA5C490003399A /* ToDoListViewController.swift in Sources */ = {isa = PBXBuildFile; fileRef = DA5B70D227DA5C490003399A /* ToDoListViewController.swift */; };
		DA5B70D627DA5C490003399A /* Main.storyboard in Resources */ = {isa = PBXBuildFile; fileRef = DA5B70D427DA5C490003399A /* Main.storyboard */; };
		DA5B70D827DA5C4B0003399A /* Assets.xcassets in Resources */ = {isa = PBXBuildFile; fileRef = DA5B70D727DA5C4B0003399A /* Assets.xcassets */; };
		DA5B70DB27DA5C4B0003399A /* LaunchScreen.storyboard in Resources */ = {isa = PBXBuildFile; fileRef = DA5B70D927DA5C4B0003399A /* LaunchScreen.storyboard */; };
		DA5B70E527DA5F1C0003399A /* ToDoDetailsViewController.swift in Sources */ = {isa = PBXBuildFile; fileRef = DA5B70E427DA5F1C0003399A /* ToDoDetailsViewController.swift */; };
		DA5B70E827DA624C0003399A /* AddTaskViewController.swift in Sources */ = {isa = PBXBuildFile; fileRef = DA5B70E727DA624C0003399A /* AddTaskViewController.swift */; };
		DA5B70EB27DA63AF0003399A /* ToDoItem.swift in Sources */ = {isa = PBXBuildFile; fileRef = DA5B70EA27DA63AF0003399A /* ToDoItem.swift */; };
		DACF02C527DFE71C00C32C10 /* ToDoItemCell.swift in Sources */ = {isa = PBXBuildFile; fileRef = DACF02C427DFE71C00C32C10 /* ToDoItemCell.swift */; };
/* End PBXBuildFile section */

/* Begin PBXFileReference section */
		DA5B70CB27DA5C490003399A /* ToDoList.app */ = {isa = PBXFileReference; explicitFileType = wrapper.application; includeInIndex = 0; path = ToDoList.app; sourceTree = BUILT_PRODUCTS_DIR; };
		DA5B70CE27DA5C490003399A /* AppDelegate.swift */ = {isa = PBXFileReference; lastKnownFileType = sourcecode.swift; path = AppDelegate.swift; sourceTree = "<group>"; };
		DA5B70D027DA5C490003399A /* SceneDelegate.swift */ = {isa = PBXFileReference; lastKnownFileType = sourcecode.swift; path = SceneDelegate.swift; sourceTree = "<group>"; };
		DA5B70D227DA5C490003399A /* ToDoListViewController.swift */ = {isa = PBXFileReference; lastKnownFileType = sourcecode.swift; path = ToDoListViewController.swift; sourceTree = "<group>"; };
		DA5B70D527DA5C490003399A /* Base */ = {isa = PBXFileReference; lastKnownFileType = file.storyboard; name = Base; path = Base.lproj/Main.storyboard; sourceTree = "<group>"; };
		DA5B70D727DA5C4B0003399A /* Assets.xcassets */ = {isa = PBXFileReference; lastKnownFileType = folder.assetcatalog; path = Assets.xcassets; sourceTree = "<group>"; };
		DA5B70DA27DA5C4B0003399A /* Base */ = {isa = PBXFileReference; lastKnownFileType = file.storyboard; name = Base; path = Base.lproj/LaunchScreen.storyboard; sourceTree = "<group>"; };
		DA5B70DC27DA5C4B0003399A /* Info.plist */ = {isa = PBXFileReference; lastKnownFileType = text.plist.xml; path = Info.plist; sourceTree = "<group>"; };
		DA5B70E427DA5F1C0003399A /* ToDoDetailsViewController.swift */ = {isa = PBXFileReference; lastKnownFileType = sourcecode.swift; path = ToDoDetailsViewController.swift; sourceTree = "<group>"; };
		DA5B70E727DA624C0003399A /* AddTaskViewController.swift */ = {isa = PBXFileReference; lastKnownFileType = sourcecode.swift; path = AddTaskViewController.swift; sourceTree = "<group>"; };
		DA5B70EA27DA63AF0003399A /* ToDoItem.swift */ = {isa = PBXFileReference; lastKnownFileType = sourcecode.swift; path = ToDoItem.swift; sourceTree = "<group>"; };
		DACF02C427DFE71C00C32C10 /* ToDoItemCell.swift */ = {isa = PBXFileReference; lastKnownFileType = sourcecode.swift; path = ToDoItemCell.swift; sourceTree = "<group>"; };
/* End PBXFileReference section */

/* Begin PBXFrameworksBuildPhase section */
		DA5B70C827DA5C490003399A /* Frameworks */ = {
			isa = PBXFrameworksBuildPhase;
			buildActionMask = 2147483647;
			files = (
			);
			runOnlyForDeploymentPostprocessing = 0;
		};
/* End PBXFrameworksBuildPhase section */

/* Begin PBXGroup section */
		DA5B70C227DA5C490003399A = {
			isa = PBXGroup;
			children = (
				DA5B70CD27DA5C490003399A /* ToDoList */,
				DA5B70CC27DA5C490003399A /* Products */,
			);
			sourceTree = "<group>";
		};
		DA5B70CC27DA5C490003399A /* Products */ = {
			isa = PBXGroup;
			children = (
				DA5B70CB27DA5C490003399A /* ToDoList.app */,
			);
			name = Products;
			sourceTree = "<group>";
		};
		DA5B70CD27DA5C490003399A /* ToDoList */ = {
			isa = PBXGroup;
			children = (
				DA5B70CE27DA5C490003399A /* AppDelegate.swift */,
				DA5B70D027DA5C490003399A /* SceneDelegate.swift */,
				DA5B70D227DA5C490003399A /* ToDoListViewController.swift */,
				DA5B70E427DA5F1C0003399A /* ToDoDetailsViewController.swift */,
				DACF02C427DFE71C00C32C10 /* ToDoItemCell.swift */,
				DA5B70EA27DA63AF0003399A /* ToDoItem.swift */,
				DA5B70E727DA624C0003399A /* AddTaskViewController.swift */,
				DA5B70D427DA5C490003399A /* Main.storyboard */,
				DA5B70D727DA5C4B0003399A /* Assets.xcassets */,
				DA5B70D927DA5C4B0003399A /* LaunchScreen.storyboard */,
				DA5B70DC27DA5C4B0003399A /* Info.plist */,
			);
			path = ToDoList;
			sourceTree = "<group>";
		};
/* End PBXGroup section */

/* Begin PBXNativeTarget section */
		DA5B70CA27DA5C490003399A /* ToDoList */ = {
			isa = PBXNativeTarget;
			buildConfigurationList = DA5B70DF27DA5C4B0003399A /* Build configuration list for PBXNativeTarget "ToDoList" */;
			buildPhases = (
				DA5B70C727DA5C490003399A /* Sources */,
				DA5B70C827DA5C490003399A /* Frameworks */,
				DA5B70C927DA5C490003399A /* Resources */,
			);
			buildRules = (
			);
			dependencies = (
			);
			name = ToDoList;
			productName = ToDoList;
			productReference = DA5B70CB27DA5C490003399A /* ToDoList.app */;
			productType = "com.apple.product-type.application";
		};
/* End PBXNativeTarget section */

/* Begin PBXProject section */
		DA5B70C327DA5C490003399A /* Project object */ = {
			isa = PBXProject;
			attributes = {
				LastSwiftUpdateCheck = 1240;
				LastUpgradeCheck = 1240;
				TargetAttributes = {
					DA5B70CA27DA5C490003399A = {
						CreatedOnToolsVersion = 12.4;
					};
				};
			};
			buildConfigurationList = DA5B70C627DA5C490003399A /* Build configuration list for PBXProject "ToDoList" */;
			compatibilityVersion = "Xcode 9.3";
			developmentRegion = en;
			hasScannedForEncodings = 0;
			knownRegions = (
				en,
				Base,
			);
			mainGroup = DA5B70C227DA5C490003399A;
			productRefGroup = DA5B70CC27DA5C490003399A /* Products */;
			projectDirPath = "";
			projectRoot = "";
			targets = (
				DA5B70CA27DA5C490003399A /* ToDoList */,
			);
		};
/* End PBXProject section */

/* Begin PBXResourcesBuildPhase section */
		DA5B70C927DA5C490003399A /* Resources */ = {
			isa = PBXResourcesBuildPhase;
			buildActionMask = 2147483647;
			files = (
				DA5B70DB27DA5C4B0003399A /* LaunchScreen.storyboard in Resources */,
				DA5B70D827DA5C4B0003399A /* Assets.xcassets in Resources */,
				DA5B70D627DA5C490003399A /* Main.storyboard in Resources */,
			);
			runOnlyForDeploymentPostprocessing = 0;
		};
/* End PBXResourcesBuildPhase section */

/* Begin PBXSourcesBuildPhase section */
		DA5B70C727DA5C490003399A /* Sources */ = {
			isa = PBXSourcesBuildPhase;
			buildActionMask = 2147483647;
			files = (
				DA5B70EB27DA63AF0003399A /* ToDoItem.swift in Sources */,
				DA5B70D327DA5C490003399A /* ToDoListViewController.swift in Sources */,
				DACF02C527DFE71C00C32C10 /* ToDoItemCell.swift in Sources */,
				DA5B70E527DA5F1C0003399A /* ToDoDetailsViewController.swift in Sources */,
				DA5B70CF27DA5C490003399A /* AppDelegate.swift in Sources */,
				DA5B70D127DA5C490003399A /* SceneDelegate.swift in Sources */,
				DA5B70E827DA624C0003399A /* AddTaskViewController.swift in Sources */,
			);
			runOnlyForDeploymentPostprocessing = 0;
		};
/* End PBXSourcesBuildPhase section */

/* Begin PBXVariantGroup section */
		DA5B70D427DA5C490003399A /* Main.storyboard */ = {
			isa = PBXVariantGroup;
			children = (
				DA5B70D527DA5C490003399A /* Base */,
			);
			name = Main.storyboard;
			sourceTree = "<group>";
		};
		DA5B70D927DA5C4B0003399A /* LaunchScreen.storyboard */ = {
			isa = PBXVariantGroup;
			children = (
				DA5B70DA27DA5C4B0003399A /* Base */,
			);
			name = LaunchScreen.storyboard;
			sourceTree = "<group>";
		};
/* End PBXVariantGroup section */

/* Begin XCBuildConfiguration section */
		DA5B70DD27DA5C4B0003399A /* Debug */ = {
			isa = XCBuildConfiguration;
			buildSettings = {
				ALWAYS_SEARCH_USER_PATHS = NO;
				CLANG_ANALYZER_NONNULL = YES;
				CLANG_ANALYZER_NUMBER_OBJECT_CONVERSION = YES_AGGRESSIVE;
				CLANG_CXX_LANGUAGE_STANDARD = "gnu++14";
				CLANG_CXX_LIBRARY = "libc++";
				CLANG_ENABLE_MODULES = YES;
				CLANG_ENABLE_OBJC_ARC = YES;
				CLANG_ENABLE_OBJC_WEAK = YES;
				CLANG_WARN_BLOCK_CAPTURE_AUTORELEASING = YES;
				CLANG_WARN_BOOL_CONVERSION = YES;
				CLANG_WARN_COMMA = YES;
				CLANG_WARN_CONSTANT_CONVERSION = YES;
				CLANG_WARN_DEPRECATED_OBJC_IMPLEMENTATIONS = YES;
				CLANG_WARN_DIRECT_OBJC_ISA_USAGE = YES_ERROR;
				CLANG_WARN_DOCUMENTATION_COMMENTS = YES;
				CLANG_WARN_EMPTY_BODY = YES;
				CLANG_WARN_ENUM_CONVERSION = YES;
				CLANG_WARN_INFINITE_RECURSION = YES;
				CLANG_WARN_INT_CONVERSION = YES;
				CLANG_WARN_NON_LITERAL_NULL_CONVERSION = YES;
				CLANG_WARN_OBJC_IMPLICIT_RETAIN_SELF = YES;
				CLANG_WARN_OBJC_LITERAL_CONVERSION = YES;
				CLANG_WARN_OBJC_ROOT_CLASS = YES_ERROR;
				CLANG_WARN_QUOTED_INCLUDE_IN_FRAMEWORK_HEADER = YES;
				CLANG_WARN_RANGE_LOOP_ANALYSIS = YES;
				CLANG_WARN_STRICT_PROTOTYPES = YES;
				CLANG_WARN_SUSPICIOUS_MOVE = YES;
				CLANG_WARN_UNGUARDED_AVAILABILITY = YES_AGGRESSIVE;
				CLANG_WARN_UNREACHABLE_CODE = YES;
				CLANG_WARN__DUPLICATE_METHOD_MATCH = YES;
				COPY_PHASE_STRIP = NO;
				DEBUG_INFORMATION_FORMAT = dwarf;
				ENABLE_STRICT_OBJC_MSGSEND = YES;
				ENABLE_TESTABILITY = YES;
				GCC_C_LANGUAGE_STANDARD = gnu11;
				GCC_DYNAMIC_NO_PIC = NO;
				GCC_NO_COMMON_BLOCKS = YES;
				GCC_OPTIMIZATION_LEVEL = 0;
				GCC_PREPROCESSOR_DEFINITIONS = (
					"DEBUG=1",
					"$(inherited)",
				);
				GCC_WARN_64_TO_32_BIT_CONVERSION = YES;
				GCC_WARN_ABOUT_RETURN_TYPE = YES_ERROR;
				GCC_WARN_UNDECLARED_SELECTOR = YES;
				GCC_WARN_UNINITIALIZED_AUTOS = YES_AGGRESSIVE;
				GCC_WARN_UNUSED_FUNCTION = YES;
				GCC_WARN_UNUSED_VARIABLE = YES;
				IPHONEOS_DEPLOYMENT_TARGET = 14.4;
				MTL_ENABLE_DEBUG_INFO = INCLUDE_SOURCE;
				MTL_FAST_MATH = YES;
				ONLY_ACTIVE_ARCH = YES;
				SDKROOT = iphoneos;
				SWIFT_ACTIVE_COMPILATION_CONDITIONS = DEBUG;
				SWIFT_OPTIMIZATION_LEVEL = "-Onone";
			};
			name = Debug;
		};
		DA5B70DE27DA5C4B0003399A /* Release */ = {
			isa = XCBuildConfiguration;
			buildSettings = {
				ALWAYS_SEARCH_USER_PATHS = NO;
				CLANG_ANALYZER_NONNULL = YES;
				CLANG_ANALYZER_NUMBER_OBJECT_CONVERSION = YES_AGGRESSIVE;
				CLANG_CXX_LANGUAGE_STANDARD = "gnu++14";
				CLANG_CXX_LIBRARY = "libc++";
				CLANG_ENABLE_MODULES = YES;
				CLANG_ENABLE_OBJC_ARC = YES;
				CLANG_ENABLE_OBJC_WEAK = YES;
				CLANG_WARN_BLOCK_CAPTURE_AUTORELEASING = YES;
				CLANG_WARN_BOOL_CONVERSION = YES;
				CLANG_WARN_COMMA = YES;
				CLANG_WARN_CONSTANT_CONVERSION = YES;
				CLANG_WARN_DEPRECATED_OBJC_IMPLEMENTATIONS = YES;
				CLANG_WARN_DIRECT_OBJC_ISA_USAGE = YES_ERROR;
				CLANG_WARN_DOCUMENTATION_COMMENTS = YES;
				CLANG_WARN_EMPTY_BODY = YES;
				CLANG_WARN_ENUM_CONVERSION = YES;
				CLANG_WARN_INFINITE_RECURSION = YES;
				CLANG_WARN_INT_CONVERSION = YES;
				CLANG_WARN_NON_LITERAL_NULL_CONVERSION = YES;
				CLANG_WARN_OBJC_IMPLICIT_RETAIN_SELF = YES;
				CLANG_WARN_OBJC_LITERAL_CONVERSION = YES;
				CLANG_WARN_OBJC_ROOT_CLASS = YES_ERROR;
				CLANG_WARN_QUOTED_INCLUDE_IN_FRAMEWORK_HEADER = YES;
				CLANG_WARN_RANGE_LOOP_ANALYSIS = YES;
				CLANG_WARN_STRICT_PROTOTYPES = YES;
				CLANG_WARN_SUSPICIOUS_MOVE = YES;
				CLANG_WARN_UNGUARDED_AVAILABILITY = YES_AGGRESSIVE;
				CLANG_WARN_UNREACHABLE_CODE = YES;
				CLANG_WARN__DUPLICATE_METHOD_MATCH = YES;
				COPY_PHASE_STRIP = NO;
				DEBUG_INFORMATION_FORMAT = "dwarf-with-dsym";
				ENABLE_NS_ASSERTIONS = NO;
				ENABLE_STRICT_OBJC_MSGSEND = YES;
				GCC_C_LANGUAGE_STANDARD = gnu11;
				GCC_NO_COMMON_BLOCKS = YES;
				GCC_WARN_64_TO_32_BIT_CONVERSION = YES;
				GCC_WARN_ABOUT_RETURN_TYPE = YES_ERROR;
				GCC_WARN_UNDECLARED_SELECTOR = YES;
				GCC_WARN_UNINITIALIZED_AUTOS = YES_AGGRESSIVE;
				GCC_WARN_UNUSED_FUNCTION = YES;
				GCC_WARN_UNUSED_VARIABLE = YES;
				IPHONEOS_DEPLOYMENT_TARGET = 14.4;
				MTL_ENABLE_DEBUG_INFO = NO;
				MTL_FAST_MATH = YES;
				SDKROOT = iphoneos;
				SWIFT_COMPILATION_MODE = wholemodule;
				SWIFT_OPTIMIZATION_LEVEL = "-O";
				VALIDATE_PRODUCT = YES;
			};
			name = Release;
		};
		DA5B70E027DA5C4B0003399A /* Debug */ = {
			isa = XCBuildConfiguration;
			buildSettings = {
				ASSETCATALOG_COMPILER_APPICON_NAME = AppIcon;
				ASSETCATALOG_COMPILER_GLOBAL_ACCENT_COLOR_NAME = AccentColor;
				CODE_SIGN_STYLE = Automatic;
				INFOPLIST_FILE = ToDoList/Info.plist;
				LD_RUNPATH_SEARCH_PATHS = (
					"$(inherited)",
					"@executable_path/Frameworks",
				);
				PRODUCT_BUNDLE_IDENTIFIER = edynamix.ToDoList;
				PRODUCT_NAME = "$(TARGET_NAME)";
				SWIFT_VERSION = 5.0;
				TARGETED_DEVICE_FAMILY = "1,2";
			};
			name = Debug;
		};
		DA5B70E127DA5C4B0003399A /* Release */ = {
			isa = XCBuildConfiguration;
			buildSettings = {
				ASSETCATALOG_COMPILER_APPICON_NAME = AppIcon;
				ASSETCATALOG_COMPILER_GLOBAL_ACCENT_COLOR_NAME = AccentColor;
				CODE_SIGN_STYLE = Automatic;
				INFOPLIST_FILE = ToDoList/Info.plist;
				LD_RUNPATH_SEARCH_PATHS = (
					"$(inherited)",
					"@executable_path/Frameworks",
				);
				PRODUCT_BUNDLE_IDENTIFIER = edynamix.ToDoList;
				PRODUCT_NAME = "$(TARGET_NAME)";
				SWIFT_VERSION = 5.0;
				TARGETED_DEVICE_FAMILY = "1,2";
			};
			name = Release;
		};
/* End XCBuildConfiguration section */

/* Begin XCConfigurationList section */
		DA5B70C627DA5C490003399A /* Build configuration list for PBXProject "ToDoList" */ = {
			isa = XCConfigurationList;
			buildConfigurations = (
				DA5B70DD27DA5C4B0003399A /* Debug */,
				DA5B70DE27DA5C4B0003399A /* Release */,
			);
			defaultConfigurationIsVisible = 0;
			defaultConfigurationName = Release;
		};
		DA5B70DF27DA5C4B0003399A /* Build configuration list for PBXNativeTarget "ToDoList" */ = {
			isa = XCConfigurationList;
			buildConfigurations = (
				DA5B70E027DA5C4B0003399A /* Debug */,
				DA5B70E127DA5C4B0003399A /* Release */,
			);
			defaultConfigurationIsVisible = 0;
			defaultConfigurationName = Release;
		};
/* End XCConfigurationList section */
	};
	rootObject = DA5B70C327DA5C490003399A /* Project object */;
}
